// !$*UTF8*$!
{
	archiveVersion = 1;
	classes = {
	};
	objectVersion = 46;
	objects = {

/* Begin PBXBuildFile section */
		4540E576192A691C006F1DF3 /* Foundation.framework in Frameworks */ = {isa = PBXBuildFile; fileRef = 4540E575192A691C006F1DF3 /* Foundation.framework */; };
		4540E578192A691C006F1DF3 /* CoreGraphics.framework in Frameworks */ = {isa = PBXBuildFile; fileRef = 4540E577192A691C006F1DF3 /* CoreGraphics.framework */; };
		4540E57A192A691C006F1DF3 /* UIKit.framework in Frameworks */ = {isa = PBXBuildFile; fileRef = 4540E579192A691C006F1DF3 /* UIKit.framework */; };
		4540E580192A691C006F1DF3 /* InfoPlist.strings in Resources */ = {isa = PBXBuildFile; fileRef = 4540E57E192A691C006F1DF3 /* InfoPlist.strings */; };
		4540E582192A691C006F1DF3 /* main.m in Sources */ = {isa = PBXBuildFile; fileRef = 4540E581192A691C006F1DF3 /* main.m */; };
		4540E586192A691C006F1DF3 /* AppDelegate.m in Sources */ = {isa = PBXBuildFile; fileRef = 4540E585192A691C006F1DF3 /* AppDelegate.m */; };
		4540E589192A691C006F1DF3 /* Main.storyboard in Resources */ = {isa = PBXBuildFile; fileRef = 4540E587192A691C006F1DF3 /* Main.storyboard */; };
		4540E58C192A691C006F1DF3 /* ViewController.m in Sources */ = {isa = PBXBuildFile; fileRef = 4540E58B192A691C006F1DF3 /* ViewController.m */; };
		4540E58E192A691C006F1DF3 /* Images.xcassets in Resources */ = {isa = PBXBuildFile; fileRef = 4540E58D192A691C006F1DF3 /* Images.xcassets */; };
		4540E595192A691C006F1DF3 /* XCTest.framework in Frameworks */ = {isa = PBXBuildFile; fileRef = 4540E594192A691C006F1DF3 /* XCTest.framework */; };
		4540E596192A691C006F1DF3 /* Foundation.framework in Frameworks */ = {isa = PBXBuildFile; fileRef = 4540E575192A691C006F1DF3 /* Foundation.framework */; };
		4540E597192A691C006F1DF3 /* UIKit.framework in Frameworks */ = {isa = PBXBuildFile; fileRef = 4540E579192A691C006F1DF3 /* UIKit.framework */; };
		4540E59F192A691C006F1DF3 /* InfoPlist.strings in Resources */ = {isa = PBXBuildFile; fileRef = 4540E59D192A691C006F1DF3 /* InfoPlist.strings */; };
		4540E5A1192A691C006F1DF3 /* QBGradientLabelTests.m in Sources */ = {isa = PBXBuildFile; fileRef = 4540E5A0192A691C006F1DF3 /* QBGradientLabelTests.m */; };
		4540E5B0192A6989006F1DF3 /* QBGradientLabel.m in Sources */ = {isa = PBXBuildFile; fileRef = 4540E5AF192A6989006F1DF3 /* QBGradientLabel.m */; };
		4F82BBC51D03D6F900E32EEC /* QBGradientLabelSwift.swift in Sources */ = {isa = PBXBuildFile; fileRef = 4F82BBC41D03D6F900E32EEC /* QBGradientLabelSwift.swift */; };
/* End PBXBuildFile section */

/* Begin PBXContainerItemProxy section */
		4540E598192A691C006F1DF3 /* PBXContainerItemProxy */ = {
			isa = PBXContainerItemProxy;
			containerPortal = 4540E56A192A691C006F1DF3 /* Project object */;
			proxyType = 1;
			remoteGlobalIDString = 4540E571192A691C006F1DF3;
			remoteInfo = QBGradientLabel;
		};
/* End PBXContainerItemProxy section */

/* Begin PBXFileReference section */
		4540E572192A691C006F1DF3 /* QBGradientLabel.app */ = {isa = PBXFileReference; explicitFileType = wrapper.application; includeInIndex = 0; path = QBGradientLabel.app; sourceTree = BUILT_PRODUCTS_DIR; };
		4540E575192A691C006F1DF3 /* Foundation.framework */ = {isa = PBXFileReference; lastKnownFileType = wrapper.framework; name = Foundation.framework; path = System/Library/Frameworks/Foundation.framework; sourceTree = SDKROOT; };
		4540E577192A691C006F1DF3 /* CoreGraphics.framework */ = {isa = PBXFileReference; lastKnownFileType = wrapper.framework; name = CoreGraphics.framework; path = System/Library/Frameworks/CoreGraphics.framework; sourceTree = SDKROOT; };
		4540E579192A691C006F1DF3 /* UIKit.framework */ = {isa = PBXFileReference; lastKnownFileType = wrapper.framework; name = UIKit.framework; path = System/Library/Frameworks/UIKit.framework; sourceTree = SDKROOT; };
		4540E57D192A691C006F1DF3 /* QBGradientLabel-Info.plist */ = {isa = PBXFileReference; lastKnownFileType = text.plist.xml; path = "QBGradientLabel-Info.plist"; sourceTree = "<group>"; };
		4540E57F192A691C006F1DF3 /* en */ = {isa = PBXFileReference; lastKnownFileType = text.plist.strings; name = en; path = en.lproj/InfoPlist.strings; sourceTree = "<group>"; };
		4540E581192A691C006F1DF3 /* main.m */ = {isa = PBXFileReference; lastKnownFileType = sourcecode.c.objc; path = main.m; sourceTree = "<group>"; };
		4540E583192A691C006F1DF3 /* QBGradientLabel-Prefix.pch */ = {isa = PBXFileReference; lastKnownFileType = sourcecode.c.h; path = "QBGradientLabel-Prefix.pch"; sourceTree = "<group>"; };
		4540E584192A691C006F1DF3 /* AppDelegate.h */ = {isa = PBXFileReference; lastKnownFileType = sourcecode.c.h; path = AppDelegate.h; sourceTree = "<group>"; };
		4540E585192A691C006F1DF3 /* AppDelegate.m */ = {isa = PBXFileReference; lastKnownFileType = sourcecode.c.objc; path = AppDelegate.m; sourceTree = "<group>"; };
		4540E588192A691C006F1DF3 /* Base */ = {isa = PBXFileReference; lastKnownFileType = file.storyboard; name = Base; path = Base.lproj/Main.storyboard; sourceTree = "<group>"; };
		4540E58A192A691C006F1DF3 /* ViewController.h */ = {isa = PBXFileReference; lastKnownFileType = sourcecode.c.h; path = ViewController.h; sourceTree = "<group>"; };
		4540E58B192A691C006F1DF3 /* ViewController.m */ = {isa = PBXFileReference; lastKnownFileType = sourcecode.c.objc; path = ViewController.m; sourceTree = "<group>"; };
		4540E58D192A691C006F1DF3 /* Images.xcassets */ = {isa = PBXFileReference; lastKnownFileType = folder.assetcatalog; path = Images.xcassets; sourceTree = "<group>"; };
		4540E593192A691C006F1DF3 /* QBGradientLabelTests.xctest */ = {isa = PBXFileReference; explicitFileType = wrapper.cfbundle; includeInIndex = 0; path = QBGradientLabelTests.xctest; sourceTree = BUILT_PRODUCTS_DIR; };
		4540E594192A691C006F1DF3 /* XCTest.framework */ = {isa = PBXFileReference; lastKnownFileType = wrapper.framework; name = XCTest.framework; path = Library/Frameworks/XCTest.framework; sourceTree = DEVELOPER_DIR; };
		4540E59C192A691C006F1DF3 /* QBGradientLabelTests-Info.plist */ = {isa = PBXFileReference; lastKnownFileType = text.plist.xml; path = "QBGradientLabelTests-Info.plist"; sourceTree = "<group>"; };
		4540E59E192A691C006F1DF3 /* en */ = {isa = PBXFileReference; lastKnownFileType = text.plist.strings; name = en; path = en.lproj/InfoPlist.strings; sourceTree = "<group>"; };
		4540E5A0192A691C006F1DF3 /* QBGradientLabelTests.m */ = {isa = PBXFileReference; lastKnownFileType = sourcecode.c.objc; path = QBGradientLabelTests.m; sourceTree = "<group>"; };
		4540E5AE192A6989006F1DF3 /* QBGradientLabel.h */ = {isa = PBXFileReference; fileEncoding = 4; lastKnownFileType = sourcecode.c.h; path = QBGradientLabel.h; sourceTree = "<group>"; };
		4540E5AF192A6989006F1DF3 /* QBGradientLabel.m */ = {isa = PBXFileReference; fileEncoding = 4; lastKnownFileType = sourcecode.c.objc; path = QBGradientLabel.m; sourceTree = "<group>"; };
		4F82BBC31D03D6F900E32EEC /* QBGradientLabel-Bridging-Header.h */ = {isa = PBXFileReference; lastKnownFileType = sourcecode.c.h; path = "QBGradientLabel-Bridging-Header.h"; sourceTree = "<group>"; };
		4F82BBC41D03D6F900E32EEC /* QBGradientLabelSwift.swift */ = {isa = PBXFileReference; fileEncoding = 4; lastKnownFileType = sourcecode.swift; path = QBGradientLabelSwift.swift; sourceTree = "<group>"; };
/* End PBXFileReference section */

/* Begin PBXFrameworksBuildPhase section */
		4540E56F192A691C006F1DF3 /* Frameworks */ = {
			isa = PBXFrameworksBuildPhase;
			buildActionMask = 2147483647;
			files = (
				4540E578192A691C006F1DF3 /* CoreGraphics.framework in Frameworks */,
				4540E57A192A691C006F1DF3 /* UIKit.framework in Frameworks */,
				4540E576192A691C006F1DF3 /* Foundation.framework in Frameworks */,
			);
			runOnlyForDeploymentPostprocessing = 0;
		};
		4540E590192A691C006F1DF3 /* Frameworks */ = {
			isa = PBXFrameworksBuildPhase;
			buildActionMask = 2147483647;
			files = (
				4540E595192A691C006F1DF3 /* XCTest.framework in Frameworks */,
				4540E597192A691C006F1DF3 /* UIKit.framework in Frameworks */,
				4540E596192A691C006F1DF3 /* Foundation.framework in Frameworks */,
			);
			runOnlyForDeploymentPostprocessing = 0;
		};
/* End PBXFrameworksBuildPhase section */

/* Begin PBXGroup section */
		4540E569192A691C006F1DF3 = {
			isa = PBXGroup;
			children = (
				4540E57B192A691C006F1DF3 /* QBGradientLabel */,
				4540E59A192A691C006F1DF3 /* QBGradientLabelTests */,
				4540E574192A691C006F1DF3 /* Frameworks */,
				4540E573192A691C006F1DF3 /* Products */,
			);
			sourceTree = "<group>";
		};
		4540E573192A691C006F1DF3 /* Products */ = {
			isa = PBXGroup;
			children = (
				4540E572192A691C006F1DF3 /* QBGradientLabel.app */,
				4540E593192A691C006F1DF3 /* QBGradientLabelTests.xctest */,
			);
			name = Products;
			sourceTree = "<group>";
		};
		4540E574192A691C006F1DF3 /* Frameworks */ = {
			isa = PBXGroup;
			children = (
				4540E575192A691C006F1DF3 /* Foundation.framework */,
				4540E577192A691C006F1DF3 /* CoreGraphics.framework */,
				4540E579192A691C006F1DF3 /* UIKit.framework */,
				4540E594192A691C006F1DF3 /* XCTest.framework */,
			);
			name = Frameworks;
			sourceTree = "<group>";
		};
		4540E57B192A691C006F1DF3 /* QBGradientLabel */ = {
			isa = PBXGroup;
			children = (
				4540E584192A691C006F1DF3 /* AppDelegate.h */,
				4540E585192A691C006F1DF3 /* AppDelegate.m */,
				4540E587192A691C006F1DF3 /* Main.storyboard */,
				4540E58A192A691C006F1DF3 /* ViewController.h */,
				4540E58B192A691C006F1DF3 /* ViewController.m */,
				4540E58D192A691C006F1DF3 /* Images.xcassets */,
				4540E5AA192A6944006F1DF3 /* GradientLabel */,
				4540E57C192A691C006F1DF3 /* Supporting Files */,
			);
			path = QBGradientLabel;
			sourceTree = "<group>";
		};
		4540E57C192A691C006F1DF3 /* Supporting Files */ = {
			isa = PBXGroup;
			children = (
				4540E57D192A691C006F1DF3 /* QBGradientLabel-Info.plist */,
				4540E57E192A691C006F1DF3 /* InfoPlist.strings */,
				4540E581192A691C006F1DF3 /* main.m */,
				4540E583192A691C006F1DF3 /* QBGradientLabel-Prefix.pch */,
			);
			name = "Supporting Files";
			sourceTree = "<group>";
		};
		4540E59A192A691C006F1DF3 /* QBGradientLabelTests */ = {
			isa = PBXGroup;
			children = (
				4540E5A0192A691C006F1DF3 /* QBGradientLabelTests.m */,
				4540E59B192A691C006F1DF3 /* Supporting Files */,
			);
			path = QBGradientLabelTests;
			sourceTree = "<group>";
		};
		4540E59B192A691C006F1DF3 /* Supporting Files */ = {
			isa = PBXGroup;
			children = (
				4540E59C192A691C006F1DF3 /* QBGradientLabelTests-Info.plist */,
				4540E59D192A691C006F1DF3 /* InfoPlist.strings */,
			);
			name = "Supporting Files";
			sourceTree = "<group>";
		};
		4540E5AA192A6944006F1DF3 /* GradientLabel */ = {
			isa = PBXGroup;
			children = (
				4540E5AE192A6989006F1DF3 /* QBGradientLabel.h */,
				4540E5AF192A6989006F1DF3 /* QBGradientLabel.m */,
				4F82BBC41D03D6F900E32EEC /* QBGradientLabelSwift.swift */,
				4F82BBC31D03D6F900E32EEC /* QBGradientLabel-Bridging-Header.h */,
			);
			path = GradientLabel;
			sourceTree = "<group>";
		};
/* End PBXGroup section */

/* Begin PBXNativeTarget section */
		4540E571192A691C006F1DF3 /* QBGradientLabel */ = {
			isa = PBXNativeTarget;
			buildConfigurationList = 4540E5A4192A691C006F1DF3 /* Build configuration list for PBXNativeTarget "QBGradientLabel" */;
			buildPhases = (
				4540E56E192A691C006F1DF3 /* Sources */,
				4540E56F192A691C006F1DF3 /* Frameworks */,
				4540E570192A691C006F1DF3 /* Resources */,
			);
			buildRules = (
			);
			dependencies = (
			);
			name = QBGradientLabel;
			productName = QBGradientLabel;
			productReference = 4540E572192A691C006F1DF3 /* QBGradientLabel.app */;
			productType = "com.apple.product-type.application";
		};
		4540E592192A691C006F1DF3 /* QBGradientLabelTests */ = {
			isa = PBXNativeTarget;
			buildConfigurationList = 4540E5A7192A691C006F1DF3 /* Build configuration list for PBXNativeTarget "QBGradientLabelTests" */;
			buildPhases = (
				4540E58F192A691C006F1DF3 /* Sources */,
				4540E590192A691C006F1DF3 /* Frameworks */,
				4540E591192A691C006F1DF3 /* Resources */,
			);
			buildRules = (
			);
			dependencies = (
				4540E599192A691C006F1DF3 /* PBXTargetDependency */,
			);
			name = QBGradientLabelTests;
			productName = QBGradientLabelTests;
			productReference = 4540E593192A691C006F1DF3 /* QBGradientLabelTests.xctest */;
			productType = "com.apple.product-type.bundle.unit-test";
		};
/* End PBXNativeTarget section */

/* Begin PBXProject section */
		4540E56A192A691C006F1DF3 /* Project object */ = {
			isa = PBXProject;
			attributes = {
				LastSwiftUpdateCheck = 0730;
				LastUpgradeCheck = 0510;
				ORGANIZATIONNAME = "TopBalance Software";
				TargetAttributes = {
					4540E592192A691C006F1DF3 = {
						TestTargetID = 4540E571192A691C006F1DF3;
					};
				};
			};
			buildConfigurationList = 4540E56D192A691C006F1DF3 /* Build configuration list for PBXProject "QBGradientLabel" */;
			compatibilityVersion = "Xcode 3.2";
			developmentRegion = English;
			hasScannedForEncodings = 0;
			knownRegions = (
				en,
				Base,
			);
			mainGroup = 4540E569192A691C006F1DF3;
			productRefGroup = 4540E573192A691C006F1DF3 /* Products */;
			projectDirPath = "";
			projectRoot = "";
			targets = (
				4540E571192A691C006F1DF3 /* QBGradientLabel */,
				4540E592192A691C006F1DF3 /* QBGradientLabelTests */,
			);
		};
/* End PBXProject section */

/* Begin PBXResourcesBuildPhase section */
		4540E570192A691C006F1DF3 /* Resources */ = {
			isa = PBXResourcesBuildPhase;
			buildActionMask = 2147483647;
			files = (
				4540E58E192A691C006F1DF3 /* Images.xcassets in Resources */,
				4540E580192A691C006F1DF3 /* InfoPlist.strings in Resources */,
				4540E589192A691C006F1DF3 /* Main.storyboard in Resources */,
			);
			runOnlyForDeploymentPostprocessing = 0;
		};
		4540E591192A691C006F1DF3 /* Resources */ = {
			isa = PBXResourcesBuildPhase;
			buildActionMask = 2147483647;
			files = (
				4540E59F192A691C006F1DF3 /* InfoPlist.strings in Resources */,
			);
			runOnlyForDeploymentPostprocessing = 0;
		};
/* End PBXResourcesBuildPhase section */

/* Begin PBXSourcesBuildPhase section */
		4540E56E192A691C006F1DF3 /* Sources */ = {
			isa = PBXSourcesBuildPhase;
			buildActionMask = 2147483647;
			files = (
				4F82BBC51D03D6F900E32EEC /* QBGradientLabelSwift.swift in Sources */,
				4540E58C192A691C006F1DF3 /* ViewController.m in Sources */,
				4540E5B0192A6989006F1DF3 /* QBGradientLabel.m in Sources */,
				4540E586192A691C006F1DF3 /* AppDelegate.m in Sources */,
				4540E582192A691C006F1DF3 /* main.m in Sources */,
			);
			runOnlyForDeploymentPostprocessing = 0;
		};
		4540E58F192A691C006F1DF3 /* Sources */ = {
			isa = PBXSourcesBuildPhase;
			buildActionMask = 2147483647;
			files = (
				4540E5A1192A691C006F1DF3 /* QBGradientLabelTests.m in Sources */,
			);
			runOnlyForDeploymentPostprocessing = 0;
		};
/* End PBXSourcesBuildPhase section */

/* Begin PBXTargetDependency section */
		4540E599192A691C006F1DF3 /* PBXTargetDependency */ = {
			isa = PBXTargetDependency;
			target = 4540E571192A691C006F1DF3 /* QBGradientLabel */;
			targetProxy = 4540E598192A691C006F1DF3 /* PBXContainerItemProxy */;
		};
/* End PBXTargetDependency section */

/* Begin PBXVariantGroup section */
		4540E57E192A691C006F1DF3 /* InfoPlist.strings */ = {
			isa = PBXVariantGroup;
			children = (
				4540E57F192A691C006F1DF3 /* en */,
			);
			name = InfoPlist.strings;
			sourceTree = "<group>";
		};
		4540E587192A691C006F1DF3 /* Main.storyboard */ = {
			isa = PBXVariantGroup;
			children = (
				4540E588192A691C006F1DF3 /* Base */,
			);
			name = Main.storyboard;
			sourceTree = "<group>";
		};
		4540E59D192A691C006F1DF3 /* InfoPlist.strings */ = {
			isa = PBXVariantGroup;
			children = (
				4540E59E192A691C006F1DF3 /* en */,
			);
			name = InfoPlist.strings;
			sourceTree = "<group>";
		};
/* End PBXVariantGroup section */

/* Begin XCBuildConfiguration section */
		4540E5A2192A691C006F1DF3 /* Debug */ = {
			isa = XCBuildConfiguration;
			buildSettings = {
				ALWAYS_SEARCH_USER_PATHS = NO;
				CLANG_CXX_LANGUAGE_STANDARD = "gnu++0x";
				CLANG_CXX_LIBRARY = "libc++";
				CLANG_ENABLE_MODULES = YES;
				CLANG_ENABLE_OBJC_ARC = YES;
				CLANG_WARN_BOOL_CONVERSION = YES;
				CLANG_WARN_CONSTANT_CONVERSION = YES;
				CLANG_WARN_DIRECT_OBJC_ISA_USAGE = YES_ERROR;
				CLANG_WARN_EMPTY_BODY = YES;
				CLANG_WARN_ENUM_CONVERSION = YES;
				CLANG_WARN_INT_CONVERSION = YES;
				CLANG_WARN_OBJC_ROOT_CLASS = YES_ERROR;
				CLANG_WARN__DUPLICATE_METHOD_MATCH = YES;
				"CODE_SIGN_IDENTITY[sdk=iphoneos*]" = "iPhone Developer";
				COPY_PHASE_STRIP = NO;
				GCC_C_LANGUAGE_STANDARD = gnu99;
				GCC_DYNAMIC_NO_PIC = NO;
				GCC_OPTIMIZATION_LEVEL = 0;
				GCC_PREPROCESSOR_DEFINITIONS = (
					"DEBUG=1",
					"$(inherited)",
				);
				GCC_SYMBOLS_PRIVATE_EXTERN = NO;
				GCC_WARN_64_TO_32_BIT_CONVERSION = YES;
				GCC_WARN_ABOUT_RETURN_TYPE = YES_ERROR;
				GCC_WARN_UNDECLARED_SELECTOR = YES;
				GCC_WARN_UNINITIALIZED_AUTOS = YES_AGGRESSIVE;
				GCC_WARN_UNUSED_FUNCTION = YES;
				GCC_WARN_UNUSED_VARIABLE = YES;
				IPHONEOS_DEPLOYMENT_TARGET = 7.1;
				ONLY_ACTIVE_ARCH = YES;
				SDKROOT = iphoneos;
			};
			name = Debug;
		};
		4540E5A3192A691C006F1DF3 /* Release */ = {
			isa = XCBuildConfiguration;
			buildSettings = {
				ALWAYS_SEARCH_USER_PATHS = NO;
				CLANG_CXX_LANGUAGE_STANDARD = "gnu++0x";
				CLANG_CXX_LIBRARY = "libc++";
				CLANG_ENABLE_MODULES = YES;
				CLANG_ENABLE_OBJC_ARC = YES;
				CLANG_WARN_BOOL_CONVERSION = YES;
				CLANG_WARN_CONSTANT_CONVERSION = YES;
				CLANG_WARN_DIRECT_OBJC_ISA_USAGE = YES_ERROR;
				CLANG_WARN_EMPTY_BODY = YES;
				CLANG_WARN_ENUM_CONVERSION = YES;
				CLANG_WARN_INT_CONVERSION = YES;
				CLANG_WARN_OBJC_ROOT_CLASS = YES_ERROR;
				CLANG_WARN__DUPLICATE_METHOD_MATCH = YES;
				"CODE_SIGN_IDENTITY[sdk=iphoneos*]" = "iPhone Developer";
				COPY_PHASE_STRIP = YES;
				ENABLE_NS_ASSERTIONS = NO;
				GCC_C_LANGUAGE_STANDARD = gnu99;
				GCC_WARN_64_TO_32_BIT_CONVERSION = YES;
				GCC_WARN_ABOUT_RETURN_TYPE = YES_ERROR;
				GCC_WARN_UNDECLARED_SELECTOR = YES;
				GCC_WARN_UNINITIALIZED_AUTOS = YES_AGGRESSIVE;
				GCC_WARN_UNUSED_FUNCTION = YES;
				GCC_WARN_UNUSED_VARIABLE = YES;
				IPHONEOS_DEPLOYMENT_TARGET = 7.1;
				SDKROOT = iphoneos;
				VALIDATE_PRODUCT = YES;
			};
			name = Release;
		};
		4540E5A5192A691C006F1DF3 /* Debug */ = {
			isa = XCBuildConfiguration;
			buildSettings = {
				ASSETCATALOG_COMPILER_APPICON_NAME = AppIcon;
				ASSETCATALOG_COMPILER_LAUNCHIMAGE_NAME = LaunchImage;
				CLANG_ENABLE_MODULES = YES;
				GCC_PRECOMPILE_PREFIX_HEADER = YES;
				GCC_PREFIX_HEADER = "QBGradientLabel/QBGradientLabel-Prefix.pch";
				INFOPLIST_FILE = "QBGradientLabel/QBGradientLabel-Info.plist";
				LD_RUNPATH_SEARCH_PATHS = "$(inherited) @executable_path/Frameworks";
				PRODUCT_NAME = "$(TARGET_NAME)";
				SWIFT_OBJC_BRIDGING_HEADER = "QBGradientLabel/GradientLabel/QBGradientLabel-Bridging-Header.h";
				SWIFT_OPTIMIZATION_LEVEL = "-Onone";
				WRAPPER_EXTENSION = app;
			};
			name = Debug;
		};
		4540E5A6192A691C006F1DF3 /* Release */ = {
			isa = XCBuildConfiguration;
			buildSettings = {
				ASSETCATALOG_COMPILER_APPICON_NAME = AppIcon;
				ASSETCATALOG_COMPILER_LAUNCHIMAGE_NAME = LaunchImage;
				CLANG_ENABLE_MODULES = YES;
				GCC_PRECOMPILE_PREFIX_HEADER = YES;
				GCC_PREFIX_HEADER = "QBGradientLabel/QBGradientLabel-Prefix.pch";
				INFOPLIST_FILE = "QBGradientLabel/QBGradientLabel-Info.plist";
				LD_RUNPATH_SEARCH_PATHS = "$(inherited) @executable_path/Frameworks";
				PRODUCT_NAME = "$(TARGET_NAME)";
				SWIFT_OBJC_BRIDGING_HEADER = "QBGradientLabel/GradientLabel/QBGradientLabel-Bridging-Header.h";
				WRAPPER_EXTENSION = app;
			};
			name = Release;
		};
		4540E5A8192A691C006F1DF3 /* Debug */ = {
			isa = XCBuildConfiguration;
			buildSettings = {
				BUNDLE_LOADER = "$(BUILT_PRODUCTS_DIR)/QBGradientLabel.app/QBGradientLabel";
				FRAMEWORK_SEARCH_PATHS = (
					"$(SDKROOT)/Developer/Library/Frameworks",
					"$(inherited)",
					"$(DEVELOPER_FRAMEWORKS_DIR)",
				);
				GCC_PRECOMPILE_PREFIX_HEADER = YES;
				GCC_PREFIX_HEADER = "QBGradientLabel/QBGradientLabel-Prefix.pch";
				GCC_PREPROCESSOR_DEFINITIONS = (
					"DEBUG=1",
					"$(inherited)",
				);
				INFOPLIST_FILE = "QBGradientLabelTests/QBGradientLabelTests-Info.plist";
				PRODUCT_NAME = "$(TARGET_NAME)";
				TEST_HOST = "$(BUNDLE_LOADER)";
				WRAPPER_EXTENSION = xctest;
			};
			name = Debug;
		};
		4540E5A9192A691C006F1DF3 /* Release */ = {
			isa = XCBuildConfiguration;
			buildSettings = {
				BUNDLE_LOADER = "$(BUILT_PRODUCTS_DIR)/QBGradientLabel.app/QBGradientLabel";
				FRAMEWORK_SEARCH_PATHS = (
					"$(SDKROOT)/Developer/Library/Frameworks",
					"$(inherited)",
					"$(DEVELOPER_FRAMEWORKS_DIR)",
				);
				GCC_PRECOMPILE_PREFIX_HEADER = YES;
				GCC_PREFIX_HEADER = "QBGradientLabel/QBGradientLabel-Prefix.pch";
				INFOPLIST_FILE = "QBGradientLabelTests/QBGradientLabelTests-Info.plist";
				PRODUCT_NAME = "$(TARGET_NAME)";
				TEST_HOST = "$(BUNDLE_LOADER)";
				WRAPPER_EXTENSION = xctest;
			};
			name = Release;
		};
/* End XCBuildConfiguration section */

/* Begin XCConfigurationList section */
		4540E56D192A691C006F1DF3 /* Build configuration list for PBXProject "QBGradientLabel" */ = {
			isa = XCConfigurationList;
			buildConfigurations = (
				4540E5A2192A691C006F1DF3 /* Debug */,
				4540E5A3192A691C006F1DF3 /* Release */,
			);
			defaultConfigurationIsVisible = 0;
			defaultConfigurationName = Release;
		};
		4540E5A4192A691C006F1DF3 /* Build configuration list for PBXNativeTarget "QBGradientLabel" */ = {
			isa = XCConfigurationList;
			buildConfigurations = (
				4540E5A5192A691C006F1DF3 /* Debug */,
				4540E5A6192A691C006F1DF3 /* Release */,
			);
			defaultConfigurationIsVisible = 0;
			defaultConfigurationName = Release;
		};
		4540E5A7192A691C006F1DF3 /* Build configuration list for PBXNativeTarget "QBGradientLabelTests" */ = {
			isa = XCConfigurationList;
			buildConfigurations = (
				4540E5A8192A691C006F1DF3 /* Debug */,
				4540E5A9192A691C006F1DF3 /* Release */,
			);
			defaultConfigurationIsVisible = 0;
			defaultConfigurationName = Release;
		};
/* End XCConfigurationList section */
	};
	rootObject = 4540E56A192A691C006F1DF3 /* Project object */;
}
